// !$*UTF8*$!
{
	archiveVersion = 1;
	classes = {
	};
	objectVersion = 77;
	objects = {

/* Begin PBXBuildFile section */
		19AAC9322ED5C04F00B83D7B /* README.md in Resources */ = {isa = PBXBuildFile; fileRef = 19AAC9312ED5C04700B83D7B /* README.md */; };
		19AAC9342ED5C1BC00B83D7B /* .gitignore in Resources */ = {isa = PBXBuildFile; fileRef = 19AAC9332ED5C1B000B83D7B /* .gitignore */; };
		1CA7707A2FB304D000309433 /* Secrets.xcconfig in Resources */ = {isa = PBXBuildFile; fileRef = 1CA770792FB304D000309433 /* Secrets.xcconfig */; };
		1F832979208BE074C0306F1F /* ActivityKit.framework in Frameworks */ = {isa = PBXBuildFile; fileRef = 38848CDF9FF987B704A7D9F8 /* ActivityKit.framework */; };
		41624167DD70FF899CC27DDD /* WorkoutWidgetExtension.appex in Embed App Extensions */ = {isa = PBXBuildFile; fileRef = 7ACD8A682EF94CC66992A097 /* WorkoutWidgetExtension.appex */; settings = {ATTRIBUTES = (RemoveHeadersOnCopy, ); }; };
		5021B362188549F625C7E48D /* WidgetKit.framework in Frameworks */ = {isa = PBXBuildFile; fileRef = B358C68D582CEFE7CAB58347 /* WidgetKit.framework */; };
		5164A4770D59073F35B5D91F /* OnboardingPage.swift in Sources */ = {isa = PBXBuildFile; fileRef = 94860791055362B16CD5908D /* OnboardingPage.swift */; };
		5E90BC2605B35672CA5B7F19 /* OnboardingManager.swift in Sources */ = {isa = PBXBuildFile; fileRef = CF623DA6D7E14B82E4758318 /* OnboardingManager.swift */; };
		667F03BF1A33C0E140AE0738 /* SwiftUI.framework in Frameworks */ = {isa = PBXBuildFile; fileRef = AD5519D776BFCCFFCD4C2CFC /* SwiftUI.framework */; };
		7A5ADB5050ACCF5E16A7F6A2 /* WorkoutLiveActivityAttributes.swift in Sources */ = {isa = PBXBuildFile; fileRef = CB70645F661AEE395E439D6B /* WorkoutLiveActivityAttributes.swift */; };
		87C4E15BFB5D664565B677F6 /* WorkoutLiveActivity.swift in Sources */ = {isa = PBXBuildFile; fileRef = 38E287544AC930323A21D9F9 /* WorkoutLiveActivity.swift */; };
		9AB3B06BA8931B1A4C9FA7CC /* OnboardingPageViewController.swift in Sources */ = {isa = PBXBuildFile; fileRef = D001F89A54AF8B3E48EC2B06 /* OnboardingPageViewController.swift */; };
		B86E1B2235C2EA27EFB5340E /* Foundation.framework in Frameworks */ = {isa = PBXBuildFile; fileRef = 90D46D2813F4855C18D32140 /* Foundation.framework */; };
		C4AD298F71E9B07365205FB5 /* UIView+ParentVC.swift in Sources */ = {isa = PBXBuildFile; fileRef = 9516770871223C7A2F77848F /* UIView+ParentVC.swift */; };
		DC9FC68AD96876962060775C /* OnboardingContainerViewController.swift in Sources */ = {isa = PBXBuildFile; fileRef = 5E4AE6EC60A055764B143664 /* OnboardingContainerViewController.swift */; };
/* End PBXBuildFile section */

/* Begin PBXContainerItemProxy section */
		81411CF1931D829889CA87A2 /* PBXContainerItemProxy */ = {
			isa = PBXContainerItemProxy;
			containerPortal = 190B1DE82ED1B5FF0014994E /* Project object */;
			proxyType = 1;
			remoteGlobalIDString = ADE48CB7C32EAFE81E8659BF;
			remoteInfo = WorkoutWidgetExtension;
		};
/* End PBXContainerItemProxy section */

/* Begin PBXCopyFilesBuildPhase section */
		0FBAE7F9F23FF1ECEEAC381B /* Embed App Extensions */ = {
			isa = PBXCopyFilesBuildPhase;
			buildActionMask = 2147483647;
			dstPath = "";
			dstSubfolderSpec = 13;
			files = (
				41624167DD70FF899CC27DDD /* WorkoutWidgetExtension.appex in Embed App Extensions */,
			);
			name = "Embed App Extensions";
			runOnlyForDeploymentPostprocessing = 0;
		};
/* End PBXCopyFilesBuildPhase section */

/* Begin PBXFileReference section */
		190B1DF02ED1B5FF0014994E /* PCOS_App.app */ = {isa = PBXFileReference; explicitFileType = wrapper.application; includeInIndex = 0; path = PCOS_App.app; sourceTree = BUILT_PRODUCTS_DIR; };
		19AAC9312ED5C04700B83D7B /* README.md */ = {isa = PBXFileReference; lastKnownFileType = net.daringfireball.markdown; path = README.md; sourceTree = "<group>"; };
		19AAC9332ED5C1B000B83D7B /* .gitignore */ = {isa = PBXFileReference; lastKnownFileType = text; path = .gitignore; sourceTree = "<group>"; };
		1CA770792FB304D000309433 /* Secrets.xcconfig */ = {isa = PBXFileReference; lastKnownFileType = text.xcconfig; path = Secrets.xcconfig; sourceTree = "<group>"; };
		3230E231209626D8683E5DCE /* WorkoutWidgetExtension.appex */ = {isa = PBXFileReference; explicitFileType = "wrapper.app-extension"; includeInIndex = 0; path = WorkoutWidgetExtension.appex; sourceTree = BUILT_PRODUCTS_DIR; };
		38848CDF9FF987B704A7D9F8 /* ActivityKit.framework */ = {isa = PBXFileReference; lastKnownFileType = wrapper.framework; path = ActivityKit.framework; sourceTree = "<group>"; };
		38E287544AC930323A21D9F9 /* WorkoutLiveActivity.swift */ = {isa = PBXFileReference; includeInIndex = 1; lastKnownFileType = sourcecode.swift; path = WorkoutLiveActivity.swift; sourceTree = "<group>"; };
		3B5E26525A919EBF494175C0 /* WorkoutWidgetExtension.appex */ = {isa = PBXFileReference; explicitFileType = "wrapper.app-extension"; includeInIndex = 0; path = WorkoutWidgetExtension.appex; sourceTree = BUILT_PRODUCTS_DIR; };
		5E4AE6EC60A055764B143664 /* OnboardingContainerViewController.swift */ = {isa = PBXFileReference; includeInIndex = 1; lastKnownFileType = sourcecode.swift; name = OnboardingContainerViewController.swift; path = PCOS_App/Onboarding/Controllers/OnboardingContainerViewController.swift; sourceTree = "<group>"; };
		7ACD8A682EF94CC66992A097 /* WorkoutWidgetExtension.appex */ = {isa = PBXFileReference; explicitFileType = "wrapper.app-extension"; includeInIndex = 0; path = WorkoutWidgetExtension.appex; sourceTree = BUILT_PRODUCTS_DIR; };
		90D46D2813F4855C18D32140 /* Foundation.framework */ = {isa = PBXFileReference; lastKnownFileType = wrapper.framework; name = Foundation.framework; path = Platforms/iPhoneOS.platform/Developer/SDKs/iPhoneOS18.0.sdk/System/Library/Frameworks/Foundation.framework; sourceTree = DEVELOPER_DIR; };
		94860791055362B16CD5908D /* OnboardingPage.swift */ = {isa = PBXFileReference; includeInIndex = 1; lastKnownFileType = sourcecode.swift; name = OnboardingPage.swift; path = PCOS_App/Onboarding/Models/OnboardingPage.swift; sourceTree = "<group>"; };
		9516770871223C7A2F77848F /* UIView+ParentVC.swift */ = {isa = PBXFileReference; includeInIndex = 1; lastKnownFileType = sourcecode.swift; name = "UIView+ParentVC.swift"; path = "PCOS_App/Home/Model/UIView+ParentVC.swift"; sourceTree = "<group>"; };
		9ED1A7F0AF122063CD88BD7E /* WorkoutWidgetExtension.appex */ = {isa = PBXFileReference; explicitFileType = "wrapper.app-extension"; includeInIndex = 0; path = WorkoutWidgetExtension.appex; sourceTree = BUILT_PRODUCTS_DIR; };
		AD5519D776BFCCFFCD4C2CFC /* SwiftUI.framework */ = {isa = PBXFileReference; lastKnownFileType = wrapper.framework; path = SwiftUI.framework; sourceTree = "<group>"; };
		B358C68D582CEFE7CAB58347 /* WidgetKit.framework */ = {isa = PBXFileReference; lastKnownFileType = wrapper.framework; path = WidgetKit.framework; sourceTree = "<group>"; };
		CB70645F661AEE395E439D6B /* WorkoutLiveActivityAttributes.swift */ = {isa = PBXFileReference; includeInIndex = 1; lastKnownFileType = sourcecode.swift; name = WorkoutLiveActivityAttributes.swift; path = ../PCOS_App/Workout/DataStore/WorkoutLiveActivityAttributes.swift; sourceTree = "<group>"; };
		CF623DA6D7E14B82E4758318 /* OnboardingManager.swift */ = {isa = PBXFileReference; includeInIndex = 1; lastKnownFileType = sourcecode.swift; name = OnboardingManager.swift; path = PCOS_App/Onboarding/Managers/OnboardingManager.swift; sourceTree = "<group>"; };
		D001F89A54AF8B3E48EC2B06 /* OnboardingPageViewController.swift */ = {isa = PBXFileReference; includeInIndex = 1; lastKnownFileType = sourcecode.swift; name = OnboardingPageViewController.swift; path = PCOS_App/Onboarding/Controllers/OnboardingPageViewController.swift; sourceTree = "<group>"; };
/* End PBXFileReference section */

/* Begin PBXFileSystemSynchronizedBuildFileExceptionSet section */
		190B1E022ED1B6000014994E /* Exceptions for "PCOS_App" folder in "PCOS_App" target */ = {
			isa = PBXFileSystemSynchronizedBuildFileExceptionSet;
			membershipExceptions = (
				Info.plist,
			);
			target = 190B1DEF2ED1B5FF0014994E /* PCOS_App */;
		};
/* End PBXFileSystemSynchronizedBuildFileExceptionSet section */

/* Begin PBXFileSystemSynchronizedRootGroup section */
		190B1DF22ED1B5FF0014994E /* PCOS_App */ = {
			isa = PBXFileSystemSynchronizedRootGroup;
			exceptions = (
				190B1E022ED1B6000014994E /* Exceptions for "PCOS_App" folder in "PCOS_App" target */,
			);
			path = PCOS_App;
			sourceTree = "<group>";
		};
/* End PBXFileSystemSynchronizedRootGroup section */

/* Begin PBXFrameworksBuildPhase section */
		0A0189FBE4ABF173EA9152D3 /* Frameworks */ = {
			isa = PBXFrameworksBuildPhase;
			buildActionMask = 2147483647;
			files = (
				B86E1B2235C2EA27EFB5340E /* Foundation.framework in Frameworks */,
				5021B362188549F625C7E48D /* WidgetKit.framework in Frameworks */,
				667F03BF1A33C0E140AE0738 /* SwiftUI.framework in Frameworks */,
				1F832979208BE074C0306F1F /* ActivityKit.framework in Frameworks */,
			);
			runOnlyForDeploymentPostprocessing = 0;
		};
		190B1DED2ED1B5FF0014994E /* Frameworks */ = {
			isa = PBXFrameworksBuildPhase;
			buildActionMask = 2147483647;
			files = (
			);
			runOnlyForDeploymentPostprocessing = 0;
		};
/* End PBXFrameworksBuildPhase section */

/* Begin PBXGroup section */
		190B1DE72ED1B5FF0014994E = {
			isa = PBXGroup;
			children = (
				190B1DF22ED1B5FF0014994E /* PCOS_App */,
				190B1DF12ED1B5FF0014994E /* Products */,
				19AAC9312ED5C04700B83D7B /* README.md */,
				19AAC9332ED5C1B000B83D7B /* .gitignore */,
				194230C82EEBFF3500BD748F /* Frameworks */,
				C525960E53003DBD3E4E6066 /* WorkoutWidgetExtension */,
				D5934FE5F17B50E52E14C5EE /* PCOS_App */,
				1CA770792FB304D000309433 /* Secrets.xcconfig */,
			);
			sourceTree = "<group>";
		};
		190B1DF12ED1B5FF0014994E /* Products */ = {
			isa = PBXGroup;
			children = (
				190B1DF02ED1B5FF0014994E /* PCOS_App.app */,
				7ACD8A682EF94CC66992A097 /* WorkoutWidgetExtension.appex */,
				3B5E26525A919EBF494175C0 /* WorkoutWidgetExtension.appex */,
				9ED1A7F0AF122063CD88BD7E /* WorkoutWidgetExtension.appex */,
				3230E231209626D8683E5DCE /* WorkoutWidgetExtension.appex */,
			);
			name = Products;
			sourceTree = "<group>";
		};
		194230C82EEBFF3500BD748F /* Frameworks */ = {
			isa = PBXGroup;
			children = (
				3CEC1128B598FE06C14AEABF /* iOS */,
				B358C68D582CEFE7CAB58347 /* WidgetKit.framework */,
				AD5519D776BFCCFFCD4C2CFC /* SwiftUI.framework */,
				38848CDF9FF987B704A7D9F8 /* ActivityKit.framework */,
			);
			name = Frameworks;
			sourceTree = "<group>";
		};
		1971507719CD427EFB8E4A2A /* Home */ = {
			isa = PBXGroup;
			children = (
				EBDDFB001F20A2B9CEACED02 /* Model */,
			);
			name = Home;
			sourceTree = "<group>";
		};
		313215DCAE0799DDA1A88CD9 /* Managers */ = {
			isa = PBXGroup;
			children = (
				CF623DA6D7E14B82E4758318 /* OnboardingManager.swift */,
			);
			name = Managers;
			sourceTree = "<group>";
		};
		3CEC1128B598FE06C14AEABF /* iOS */ = {
			isa = PBXGroup;
			children = (
				90D46D2813F4855C18D32140 /* Foundation.framework */,
			);
			name = iOS;
			sourceTree = "<group>";
		};
		8E85E81AA5D6B3F9D88EBEA0 /* Models */ = {
			isa = PBXGroup;
			children = (
				94860791055362B16CD5908D /* OnboardingPage.swift */,
			);
			name = Models;
			sourceTree = "<group>";
		};
		C525960E53003DBD3E4E6066 /* WorkoutWidgetExtension */ = {
			isa = PBXGroup;
			children = (
				38E287544AC930323A21D9F9 /* WorkoutLiveActivity.swift */,
				CB70645F661AEE395E439D6B /* WorkoutLiveActivityAttributes.swift */,
			);
			path = WorkoutWidgetExtension;
			sourceTree = "<group>";
		};
		D1EC69E70712D45D2FF75BE7 /* Onboarding */ = {
			isa = PBXGroup;
			children = (
				313215DCAE0799DDA1A88CD9 /* Managers */,
				8E85E81AA5D6B3F9D88EBEA0 /* Models */,
				DDAAC4BC8044689FB11B1434 /* Controllers */,
			);
			name = Onboarding;
			sourceTree = "<group>";
		};
		D5934FE5F17B50E52E14C5EE /* PCOS_App */ = {
			isa = PBXGroup;
			children = (
				D1EC69E70712D45D2FF75BE7 /* Onboarding */,
				1971507719CD427EFB8E4A2A /* Home */,
			);
			name = PCOS_App;
			sourceTree = "<group>";
		};
		DDAAC4BC8044689FB11B1434 /* Controllers */ = {
			isa = PBXGroup;
			children = (
				D001F89A54AF8B3E48EC2B06 /* OnboardingPageViewController.swift */,
				5E4AE6EC60A055764B143664 /* OnboardingContainerViewController.swift */,
			);
			name = Controllers;
			sourceTree = "<group>";
		};
		EBDDFB001F20A2B9CEACED02 /* Model */ = {
			isa = PBXGroup;
			children = (
				9516770871223C7A2F77848F /* UIView+ParentVC.swift */,
			);
			name = Model;
			sourceTree = "<group>";
		};
/* End PBXGroup section */

/* Begin PBXNativeTarget section */
		190B1DEF2ED1B5FF0014994E /* PCOS_App */ = {
			isa = PBXNativeTarget;
			buildConfigurationList = 190B1E032ED1B6000014994E /* Build configuration list for PBXNativeTarget "PCOS_App" */;
			buildPhases = (
				190B1DEC2ED1B5FF0014994E /* Sources */,
				190B1DED2ED1B5FF0014994E /* Frameworks */,
				190B1DEE2ED1B5FF0014994E /* Resources */,
				0FBAE7F9F23FF1ECEEAC381B /* Embed App Extensions */,
			);
			buildRules = (
			);
			dependencies = (
				3CF6012B32DAEF281412C485 /* PBXTargetDependency */,
			);
			fileSystemSynchronizedGroups = (
				190B1DF22ED1B5FF0014994E /* PCOS_App */,
			);
			name = PCOS_App;
			productName = PCOS_App;
			productReference = 190B1DF02ED1B5FF0014994E /* PCOS_App.app */;
			productType = "com.apple.product-type.application";
		};
		ADE48CB7C32EAFE81E8659BF /* WorkoutWidgetExtension */ = {
			isa = PBXNativeTarget;
			buildConfigurationList = 305632ABAF394E644720C4AE /* Build configuration list for PBXNativeTarget "WorkoutWidgetExtension" */;
			buildPhases = (
				B1898C55852E5CA2003EDA2C /* Sources */,
				0A0189FBE4ABF173EA9152D3 /* Frameworks */,
				648997B7F370F9B25606DCCF /* Resources */,
			);
			buildRules = (
			);
			dependencies = (
			);
			name = WorkoutWidgetExtension;
			productName = WorkoutWidgetExtension;
			productReference = 3230E231209626D8683E5DCE /* WorkoutWidgetExtension.appex */;
			productType = "com.apple.product-type.app-extension";
		};
/* End PBXNativeTarget section */

/* Begin PBXProject section */
		190B1DE82ED1B5FF0014994E /* Project object */ = {
			isa = PBXProject;
			attributes = {
				BuildIndependentTargetsInParallel = 1;
				LastSwiftUpdateCheck = 2610;
				LastUpgradeCheck = 2610;
				TargetAttributes = {
					190B1DEF2ED1B5FF0014994E = {
						CreatedOnToolsVersion = 26.1.1;
					};
				};
			};
			buildConfigurationList = 190B1DEB2ED1B5FF0014994E /* Build configuration list for PBXProject "PCOS_App" */;
			developmentRegion = en;
			hasScannedForEncodings = 0;
			knownRegions = (
				en,
				Base,
			);
			mainGroup = 190B1DE72ED1B5FF0014994E;
			minimizedProjectReferenceProxies = 1;
			preferredProjectObjectVersion = 77;
			productRefGroup = 190B1DF12ED1B5FF0014994E /* Products */;
			projectDirPath = "";
			projectRoot = "";
			targets = (
				190B1DEF2ED1B5FF0014994E /* PCOS_App */,
				ADE48CB7C32EAFE81E8659BF /* WorkoutWidgetExtension */,
			);
		};
/* End PBXProject section */

/* Begin PBXResourcesBuildPhase section */
		190B1DEE2ED1B5FF0014994E /* Resources */ = {
			isa = PBXResourcesBuildPhase;
			buildActionMask = 2147483647;
			files = (
				19AAC9322ED5C04F00B83D7B /* README.md in Resources */,
				1CA7707A2FB304D000309433 /* Secrets.xcconfig in Resources */,
				19AAC9342ED5C1BC00B83D7B /* .gitignore in Resources */,
			);
			runOnlyForDeploymentPostprocessing = 0;
		};
		648997B7F370F9B25606DCCF /* Resources */ = {
			isa = PBXResourcesBuildPhase;
			buildActionMask = 2147483647;
			files = (
			);
			runOnlyForDeploymentPostprocessing = 0;
		};
/* End PBXResourcesBuildPhase section */

/* Begin PBXSourcesBuildPhase section */
		190B1DEC2ED1B5FF0014994E /* Sources */ = {
			isa = PBXSourcesBuildPhase;
			buildActionMask = 2147483647;
			files = (
			);
			runOnlyForDeploymentPostprocessing = 0;
		};
		B1898C55852E5CA2003EDA2C /* Sources */ = {
			isa = PBXSourcesBuildPhase;
			buildActionMask = 2147483647;
			files = (
				87C4E15BFB5D664565B677F6 /* WorkoutLiveActivity.swift in Sources */,
				7A5ADB5050ACCF5E16A7F6A2 /* WorkoutLiveActivityAttributes.swift in Sources */,
			);
			runOnlyForDeploymentPostprocessing = 0;
		};
/* End PBXSourcesBuildPhase section */

/* Begin PBXTargetDependency section */
		3CF6012B32DAEF281412C485 /* PBXTargetDependency */ = {
			isa = PBXTargetDependency;
			name = WorkoutWidgetExtension;
			target = ADE48CB7C32EAFE81E8659BF /* WorkoutWidgetExtension */;
			targetProxy = 81411CF1931D829889CA87A2 /* PBXContainerItemProxy */;
		};
/* End PBXTargetDependency section */

/* Begin XCBuildConfiguration section */
		190B1E042ED1B6000014994E /* Debug */ = {
			isa = XCBuildConfiguration;
			baseConfigurationReference = 1CA770792FB304D000309433 /* Secrets.xcconfig */;
			buildSettings = {
				ASSETCATALOG_COMPILER_APPICON_NAME = AppIcon;
				ASSETCATALOG_COMPILER_GLOBAL_ACCENT_COLOR_NAME = AccentColor;
				CODE_SIGN_ENTITLEMENTS = PCOS_App/PCOS_App.entitlements;
				CODE_SIGN_STYLE = Automatic;
				CURRENT_PROJECT_VERSION = 1;
				DEVELOPMENT_TEAM = J4B79XL3D5;
				GENERATE_INFOPLIST_FILE = YES;
				INFOPLIST_FILE = PCOS_App/Info.plist;
				INFOPLIST_KEY_CFBundleDisplayName = Adira;
				INFOPLIST_KEY_NSCameraUsageDescription = "Please give camera access to scan barcode.";
				INFOPLIST_KEY_NSHealthShareUsageDescription = "PCOS App reads your steps, calories, heart rate, and sleep data to help you track your health journey.";
				INFOPLIST_KEY_NSHealthUpdateUsageDescription = "PCOS App may write workout summaries to Apple Health for a complete picture of your activity.";
				INFOPLIST_KEY_NSSupportsLiveActivities = YES;
				INFOPLIST_KEY_UIApplicationSupportsIndirectInputEvents = YES;
				INFOPLIST_KEY_UILaunchStoryboardName = LaunchScreen;
				INFOPLIST_KEY_UIMainStoryboardFile = Main;
				INFOPLIST_KEY_UISupportedInterfaceOrientations = UIInterfaceOrientationPortrait;
				INFOPLIST_KEY_UIUserInterfaceStyle = Light;
				LD_RUNPATH_SEARCH_PATHS = (
					"$(inherited)",
					"@executable_path/Frameworks",
				);
				MARKETING_VERSION = 1.0;
				PRODUCT_BUNDLE_IDENTIFIER = com.team2.adira;
				PRODUCT_NAME = "$(TARGET_NAME)";
				STRING_CATALOG_GENERATE_SYMBOLS = YES;
				SWIFT_APPROACHABLE_CONCURRENCY = YES;
				SWIFT_DEFAULT_ACTOR_ISOLATION = MainActor;
				SWIFT_EMIT_LOC_STRINGS = YES;
				SWIFT_UPCOMING_FEATURE_MEMBER_IMPORT_VISIBILITY = YES;
				SWIFT_VERSION = 5.0;
				TARGETED_DEVICE_FAMILY = "1,2";
			};
			name = Debug;
		};
		190B1E052ED1B6000014994E /* Release */ = {
			isa = XCBuildConfiguration;
			baseConfigurationReference = 1CA770792FB304D000309433 /* Secrets.xcconfig */;
			buildSettings = {
				ASSETCATALOG_COMPILER_APPICON_NAME = AppIcon;
				ASSETCATALOG_COMPILER_GLOBAL_ACCENT_COLOR_NAME = AccentColor;
				CODE_SIGN_ENTITLEMENTS = PCOS_App/PCOS_App.entitlements;
				CODE_SIGN_STYLE = Automatic;
				CURRENT_PROJECT_VERSION = 1;
				DEVELOPMENT_TEAM = J4B79XL3D5;
				GENERATE_INFOPLIST_FILE = YES;
				INFOPLIST_FILE = PCOS_App/Info.plist;
				INFOPLIST_KEY_CFBundleDisplayName = Adira;
				INFOPLIST_KEY_NSCameraUsageDescription = "Please give camera access to scan barcode.";
				INFOPLIST_KEY_NSHealthShareUsageDescription = "PCOS App reads your steps, calories, heart rate, and sleep data to help you track your health journey.";
				INFOPLIST_KEY_NSHealthUpdateUsageDescription = "PCOS App may write workout summaries to Apple Health for a complete picture of your activity.";
				INFOPLIST_KEY_NSSupportsLiveActivities = YES;
				INFOPLIST_KEY_UIApplicationSupportsIndirectInputEvents = YES;
				INFOPLIST_KEY_UILaunchStoryboardName = LaunchScreen;
				INFOPLIST_KEY_UIMainStoryboardFile = Main;
				INFOPLIST_KEY_UISupportedInterfaceOrientations = UIInterfaceOrientationPortrait;
				INFOPLIST_KEY_UIUserInterfaceStyle = Light;
				LD_RUNPATH_SEARCH_PATHS = (
					"$(inherited)",
					"@executable_path/Frameworks",
				);
				MARKETING_VERSION = 1.0;
				PRODUCT_BUNDLE_IDENTIFIER = com.team2.adira;
				PRODUCT_NAME = "$(TARGET_NAME)";
				STRING_CATALOG_GENERATE_SYMBOLS = YES;
				SWIFT_APPROACHABLE_CONCURRENCY = YES;
				SWIFT_DEFAULT_ACTOR_ISOLATION = MainActor;
				SWIFT_EMIT_LOC_STRINGS = YES;
				SWIFT_UPCOMING_FEATURE_MEMBER_IMPORT_VISIBILITY = YES;
				SWIFT_VERSION = 5.0;
				TARGETED_DEVICE_FAMILY = "1,2";
			};
			name = Release;
		};
		190B1E062ED1B6000014994E /* Debug */ = {
			isa = XCBuildConfiguration;
			buildSettings = {
				ALWAYS_SEARCH_USER_PATHS = NO;
				ASSETCATALOG_COMPILER_GENERATE_SWIFT_ASSET_SYMBOL_EXTENSIONS = YES;
				CLANG_ANALYZER_NONNULL = YES;
				CLANG_ANALYZER_NUMBER_OBJECT_CONVERSION = YES_AGGRESSIVE;
				CLANG_CXX_LANGUAGE_STANDARD = "gnu++20";
				CLANG_ENABLE_MODULES = YES;
				CLANG_ENABLE_OBJC_ARC = YES;
				CLANG_ENABLE_OBJC_WEAK = YES;
				CLANG_WARN_BLOCK_CAPTURE_AUTORELEASING = YES;
				CLANG_WARN_BOOL_CONVERSION = YES;
				CLANG_WARN_COMMA = YES;
				CLANG_WARN_CONSTANT_CONVERSION = YES;
				CLANG_WARN_DEPRECATED_OBJC_IMPLEMENTATIONS = YES;
				CLANG_WARN_DIRECT_OBJC_ISA_USAGE = YES_ERROR;
				CLANG_WARN_DOCUMENTATION_COMMENTS = YES;
				CLANG_WARN_EMPTY_BODY = YES;
				CLANG_WARN_ENUM_CONVERSION = YES;
				CLANG_WARN_INFINITE_RECURSION = YES;
				CLANG_WARN_INT_CONVERSION = YES;
				CLANG_WARN_NON_LITERAL_NULL_CONVERSION = YES;
				CLANG_WARN_OBJC_IMPLICIT_RETAIN_SELF = YES;
				CLANG_WARN_OBJC_LITERAL_CONVERSION = YES;
				CLANG_WARN_OBJC_ROOT_CLASS = YES_ERROR;
				CLANG_WARN_QUOTED_INCLUDE_IN_FRAMEWORK_HEADER = YES;
				CLANG_WARN_RANGE_LOOP_ANALYSIS = YES;
				CLANG_WARN_STRICT_PROTOTYPES = YES;
				CLANG_WARN_SUSPICIOUS_MOVE = YES;
				CLANG_WARN_UNGUARDED_AVAILABILITY = YES_AGGRESSIVE;
				CLANG_WARN_UNREACHABLE_CODE = YES;
				CLANG_WARN__DUPLICATE_METHOD_MATCH = YES;
				COPY_PHASE_STRIP = NO;
				DEBUG_INFORMATION_FORMAT = dwarf;
				ENABLE_STRICT_OBJC_MSGSEND = YES;
				ENABLE_TESTABILITY = YES;
				ENABLE_USER_SCRIPT_SANDBOXING = YES;
				GCC_C_LANGUAGE_STANDARD = gnu17;
				GCC_DYNAMIC_NO_PIC = NO;
				GCC_NO_COMMON_BLOCKS = YES;
				GCC_OPTIMIZATION_LEVEL = 0;
				GCC_PREPROCESSOR_DEFINITIONS = (
					"DEBUG=1",
					"$(inherited)",
				);
				GCC_WARN_64_TO_32_BIT_CONVERSION = YES;
				GCC_WARN_ABOUT_RETURN_TYPE = YES_ERROR;
				GCC_WARN_UNDECLARED_SELECTOR = YES;
				GCC_WARN_UNINITIALIZED_AUTOS = YES_AGGRESSIVE;
				GCC_WARN_UNUSED_FUNCTION = YES;
				GCC_WARN_UNUSED_VARIABLE = YES;
				IPHONEOS_DEPLOYMENT_TARGET = 26.1;
				LOCALIZATION_PREFERS_STRING_CATALOGS = YES;
				MTL_ENABLE_DEBUG_INFO = INCLUDE_SOURCE;
				MTL_FAST_MATH = YES;
				ONLY_ACTIVE_ARCH = YES;
				SDKROOT = iphoneos;
				SWIFT_ACTIVE_COMPILATION_CONDITIONS = "DEBUG $(inherited)";
				SWIFT_OPTIMIZATION_LEVEL = "-Onone";
			};
			name = Debug;
		};
		190B1E072ED1B6000014994E /* Release */ = {
			isa = XCBuildConfiguration;
			buildSettings = {
				ALWAYS_SEARCH_USER_PATHS = NO;
				ASSETCATALOG_COMPILER_GENERATE_SWIFT_ASSET_SYMBOL_EXTENSIONS = YES;
				CLANG_ANALYZER_NONNULL = YES;
				CLANG_ANALYZER_NUMBER_OBJECT_CONVERSION = YES_AGGRESSIVE;
				CLANG_CXX_LANGUAGE_STANDARD = "gnu++20";
				CLANG_ENABLE_MODULES = YES;
				CLANG_ENABLE_OBJC_ARC = YES;
				CLANG_ENABLE_OBJC_WEAK = YES;
				CLANG_WARN_BLOCK_CAPTURE_AUTORELEASING = YES;
				CLANG_WARN_BOOL_CONVERSION = YES;
				CLANG_WARN_COMMA = YES;
				CLANG_WARN_CONSTANT_CONVERSION = YES;
				CLANG_WARN_DEPRECATED_OBJC_IMPLEMENTATIONS = YES;
				CLANG_WARN_DIRECT_OBJC_ISA_USAGE = YES_ERROR;
				CLANG_WARN_DOCUMENTATION_COMMENTS = YES;
				CLANG_WARN_EMPTY_BODY = YES;
				CLANG_WARN_ENUM_CONVERSION = YES;
				CLANG_WARN_INFINITE_RECURSION = YES;
				CLANG_WARN_INT_CONVERSION = YES;
				CLANG_WARN_NON_LITERAL_NULL_CONVERSION = YES;
				CLANG_WARN_OBJC_IMPLICIT_RETAIN_SELF = YES;
				CLANG_WARN_OBJC_LITERAL_CONVERSION = YES;
				CLANG_WARN_OBJC_ROOT_CLASS = YES_ERROR;
				CLANG_WARN_QUOTED_INCLUDE_IN_FRAMEWORK_HEADER = YES;
				CLANG_WARN_RANGE_LOOP_ANALYSIS = YES;
				CLANG_WARN_STRICT_PROTOTYPES = YES;
				CLANG_WARN_SUSPICIOUS_MOVE = YES;
				CLANG_WARN_UNGUARDED_AVAILABILITY = YES_AGGRESSIVE;
				CLANG_WARN_UNREACHABLE_CODE = YES;
				CLANG_WARN__DUPLICATE_METHOD_MATCH = YES;
				COPY_PHASE_STRIP = NO;
				DEBUG_INFORMATION_FORMAT = "dwarf-with-dsym";
				ENABLE_NS_ASSERTIONS = NO;
				ENABLE_STRICT_OBJC_MSGSEND = YES;
				ENABLE_USER_SCRIPT_SANDBOXING = YES;
				GCC_C_LANGUAGE_STANDARD = gnu17;
				GCC_NO_COMMON_BLOCKS = YES;
				GCC_WARN_64_TO_32_BIT_CONVERSION = YES;
				GCC_WARN_ABOUT_RETURN_TYPE = YES_ERROR;
				GCC_WARN_UNDECLARED_SELECTOR = YES;
				GCC_WARN_UNINITIALIZED_AUTOS = YES_AGGRESSIVE;
				GCC_WARN_UNUSED_FUNCTION = YES;
				GCC_WARN_UNUSED_VARIABLE = YES;
				IPHONEOS_DEPLOYMENT_TARGET = 26.1;
				LOCALIZATION_PREFERS_STRING_CATALOGS = YES;
				MTL_ENABLE_DEBUG_INFO = NO;
				MTL_FAST_MATH = YES;
				SDKROOT = iphoneos;
				SWIFT_COMPILATION_MODE = wholemodule;
				VALIDATE_PRODUCT = YES;
			};
			name = Release;
		};
		8DCA0887F650B3849D294AD5 /* Release */ = {
			isa = XCBuildConfiguration;
			buildSettings = {
				CLANG_ENABLE_OBJC_WEAK = NO;
				CODE_SIGN_STYLE = Automatic;
				CURRENT_PROJECT_VERSION = 1;
				DEVELOPMENT_TEAM = J4B79XL3D5;
				GENERATE_INFOPLIST_FILE = NO;
				INFOPLIST_FILE = WorkoutWidgetExtension/Info.plist;
				IPHONEOS_DEPLOYMENT_TARGET = 16.2;
				MARKETING_VERSION = 1.0;
				PRODUCT_BUNDLE_IDENTIFIER = com.team2.adira.WorkoutWidgetExtension;
				PRODUCT_NAME = WorkoutWidgetExtension;
				SDKROOT = iphoneos;
				SWIFT_VERSION = 5.0;
				TARGETED_DEVICE_FAMILY = 1;
				VALIDATE_PRODUCT = YES;
			};
			name = Release;
		};
		B8622BC157014627C96D7B94 /* Debug */ = {
			isa = XCBuildConfiguration;
			buildSettings = {
				CLANG_ENABLE_OBJC_WEAK = NO;
				CODE_SIGN_STYLE = Automatic;
				CURRENT_PROJECT_VERSION = 1;
				DEVELOPMENT_TEAM = J4B79XL3D5;
				GENERATE_INFOPLIST_FILE = NO;
				INFOPLIST_FILE = WorkoutWidgetExtension/Info.plist;
				IPHONEOS_DEPLOYMENT_TARGET = 16.2;
				MARKETING_VERSION = 1.0;
				PRODUCT_BUNDLE_IDENTIFIER = com.team2.adira.WorkoutWidgetExtension;
				PRODUCT_NAME = WorkoutWidgetExtension;
				SDKROOT = iphoneos;
				SWIFT_VERSION = 5.0;
				TARGETED_DEVICE_FAMILY = 1;
			};
			name = Debug;
		};
/* End XCBuildConfiguration section */

/* Begin XCConfigurationList section */
		190B1DEB2ED1B5FF0014994E /* Build configuration list for PBXProject "PCOS_App" */ = {
			isa = XCConfigurationList;
			buildConfigurations = (
				190B1E062ED1B6000014994E /* Debug */,
				190B1E072ED1B6000014994E /* Release */,
			);
			defaultConfigurationIsVisible = 0;
			defaultConfigurationName = Release;
		};
		190B1E032ED1B6000014994E /* Build configuration list for PBXNativeTarget "PCOS_App" */ = {
			isa = XCConfigurationList;
			buildConfigurations = (
				190B1E042ED1B6000014994E /* Debug */,
				190B1E052ED1B6000014994E /* Release */,
			);
			defaultConfigurationIsVisible = 0;
			defaultConfigurationName = Release;
		};
		305632ABAF394E644720C4AE /* Build configuration list for PBXNativeTarget "WorkoutWidgetExtension" */ = {
			isa = XCConfigurationList;
			buildConfigurations = (
				8DCA0887F650B3849D294AD5 /* Release */,
				B8622BC157014627C96D7B94 /* Debug */,
			);
			defaultConfigurationIsVisible = 0;
			defaultConfigurationName = Release;
		};
/* End XCConfigurationList section */
	};
	rootObject = 190B1DE82ED1B5FF0014994E /* Project object */;
}
